{
  "name": "@redeven/official-containers-plugin",
  "version": "4.4.6",
  "lockfileVersion": 3,
  "requires": true,
  "packages": {
    "": {
      "name": "@redeven/official-containers-plugin",
      "version": "4.4.6",
      "dependencies": {
        "@floegence/redevplugin-ui": "3.0.5"
      },
      "devDependencies": {
        "@appica/ui-react": "1.0.0",
        "esbuild": "0.28.1",
        "lucide-static": "1.27.0",
        "react": "19.2.8",
        "react-dom": "19.2.8",
        "tailwindcss": "4.3.3",
        "typescript": "5.9.3"
      }
    },
    "node_modules/@appica/ui-react": {
      "version": "1.0.0",
      "resolved": "https://registry.npmjs.org/@appica/ui-react/-/ui-react-1.0.0.tgz",
      "integrity": "sha512-ZdOsAwMkcJE1G+o/S7xajyyenTsRX6agpmTqoNZcOBbBU1kEnzhF2/MR98zkVy4JHivR84VlSKRTo9/lo5kpsA==",
      "dev": true,
      "license": "MIT",
      "dependencies": {
        "@base-ui/react": "^1.6.0",
        "class-variance-authority": "^0.7.1",
        "clsx": "^2.1.1",
        "date-fns": "^4.4.0",
        "embla-carousel": "9.0.0-rc02",
        "embla-carousel-accessibility": "9.0.0-rc02",
        "embla-carousel-auto-height": "9.0.0-rc02",
        "embla-carousel-auto-scroll": "9.0.0-rc02",
        "embla-carousel-autoplay": "9.0.0-rc02",
        "embla-carousel-class-names": "9.0.0-rc02",
        "embla-carousel-fade": "9.0.0-rc02",
        "embla-carousel-react": "9.0.0-rc02",
        "embla-carousel-wheel-gestures": "9.0.0-rc01",
        "motion": "^12.42.2",
        "react-day-picker": "^10.0.1",
        "tailwind-merge": "^3.6.0"
      },
      "engines": {
        "node": ">=20"
      },
      "peerDependencies": {
        "@types/react": "^19.0.0",
        "react": "^19.0.0",
        "react-dom": "^19.0.0",
        "tailwindcss": "^4.0.0"
      },
      "peerDependenciesMeta": {
        "@types/react": {
          "optional": true
        }
      }
    },
    "node_modules/@babel/runtime": {
      "version": "7.29.7",
      "resolved": "https://registry.npmjs.org/@babel/runtime/-/runtime-7.29.7.tgz",
      "integrity": "sha512-Nq8OhGWiZIZGV6hLHoyAKLLcJihP/xFeBMGJoUrxTX2psI8dCifzLhZISFb+VWS3wFMRDmCGw5R+dOySCqPLhw==",
      "dev": true,
      "license": "MIT",
      "engines": {
        "node": ">=6.9.0"
      }
    },
    "node_modules/@base-ui/react": {
      "version": "1.6.0",
      "resolved": "https://registry.npmjs.org/@base-ui/react/-/react-1.6.0.tgz",
      "integrity": "sha512-/jzjTWJYXhRFO45Bev9lc3cHbmjzCMpUqbMZ2AgKy/z25mY9B6shGSNcXcjQar9n5doM0KYW1W8fcFv2jZBuMw==",
      "dev": true,
      "license": "MIT",
      "dependencies": {
        "@babel/runtime": "^7.29.2",
        "@base-ui/utils": "0.3.1",
        "@floating-ui/react-dom": "^2.1.8",
        "@floating-ui/utils": "^0.2.11",
        "use-sync-external-store": "^1.6.0"
      },
      "engines": {
        "node": ">=14.0.0"
      },
      "funding": {
        "type": "opencollective",
        "url": "https://opencollective.com/mui-org"
      },
      "peerDependencies": {
        "@date-fns/tz": "^1.2.0",
        "@types/react": "^17 || ^18 || ^19",
        "date-fns": "^4.0.0",
        "react": "^17 || ^18 || ^19",
        "react-dom": "^17 || ^18 || ^19"
      },
      "peerDependenciesMeta": {
        "@date-fns/tz": {
          "optional": true
        },
        "@types/react": {
          "optional": true
        },
        "date-fns": {
          "optional": true
        }
      }
    },
    "node_modules/@base-ui/utils": {
      "version": "0.3.1",
      "resolved": "https://registry.npmjs.org/@base-ui/utils/-/utils-0.3.1.tgz",
      "integrity": "sha512-gFFiltORVmW/N6IILTGxizP3PBpVpysqML1ALY5Vk0mH+7faVkCknOU31goYHN5Aoek2dkjxva1XOD2Ce9WuIg==",
      "dev": true,
      "license": "MIT",
      "dependencies": {
        "@babel/runtime": "^7.29.2",
        "@floating-ui/utils": "^0.2.11",
        "reselect": "^5.2.0",
        "use-sync-external-store": "^1.6.0"
      },
      "peerDependencies": {
        "@types/react": "^17 || ^18 || ^19",
        "react": "^17 || ^18 || ^19",
        "react-dom": "^17 || ^18 || ^19"
      },
      "peerDependenciesMeta": {
        "@types/react": {
          "optional": true
        }
      }
    },
    "node_modules/@date-fns/tz": {
      "version": "1.5.0",
      "resolved": "https://registry.npmjs.org/@date-fns/tz/-/tz-1.5.0.tgz",
      "integrity": "sha512-lwYN/vDPeNRULcepoE/LO2Pgx+7/RV+S9ARfbc9lr2DtGkOD7pAiruHvbR1RX3Qyf6ja47EWJDMsNK5vK08DJg==",
      "dev": true,
      "license": "MIT"
    },
    "node_modules/@esbuild/aix-ppc64": {
      "version": "0.28.1",
      "resolved": "https://registry.npmjs.org/@esbuild/aix-ppc64/-/aix-ppc64-0.28.1.tgz",
      "integrity": "sha512-Svl7tq8k/08+p6CXPpRjQ1fKX+1odH/BQbb48fV6fj3CWHhsoIOoY87w1oHXm0qEpkIK3ZfVgp0hed3XBXzXMQ==",
      "cpu": [
        "ppc64"
      ],
      "dev": true,
      "license": "MIT",
      "optional": true,
      "os": [
        "aix"
      ],
      "engines": {
        "node": ">=18"
      }
    },
    "node_modules/@esbuild/android-arm": {
      "version": "0.28.1",
      "resolved": "https://registry.npmjs.org/@esbuild/android-arm/-/android-arm-0.28.1.tgz",
      "integrity": "sha512-0k2F129Xdio1TdJfzJ8sy1Q47vUD2NnwdhiAf7drUN1EBTfPf4hsFCtmMgu/6m8JSzsBrlmVjudMBQqOfG8usQ==",
      "cpu": [
        "arm"
      ],
      "dev": true,
      "license": "MIT",
      "optional": true,
      "os": [
        "android"
      ],
      "engines": {
        "node": ">=18"
      }
    },
    "node_modules/@esbuild/android-arm64": {
      "version": "0.28.1",
      "resolved": "https://registry.npmjs.org/@esbuild/android-arm64/-/android-arm64-0.28.1.tgz",
      "integrity": "sha512-34EGEbCIAgosYz6goLcopX6Mo7NyGv9tfwEM2/7Ce2VcVRk568iSvniGWcUXIy7wEDR1wzolcxcriFVrWYcwBg==",
      "cpu": [
        "arm64"
      ],
      "dev": true,
      "license": "MIT",
      "optional": true,
      "os": [
        "android"
      ],
      "engines": {
        "node": ">=18"
      }
    },
    "node_modules/@esbuild/android-x64": {
      "version": "0.28.1",
      "resolved": "https://registry.npmjs.org/@esbuild/android-x64/-/android-x64-0.28.1.tgz",
      "integrity": "sha512-dbwY7ltSMDWsRatcRpCnES4F+im88OCUgGZjy52shC7GqHRE/cYlxNbB4Z4UpJswpcc4Qxd2oE/ufM0p61IKng==",
      "cpu": [
        "x64"
      ],
      "dev": true,
      "license": "MIT",
      "optional": true,
      "os": [
        "android"
      ],
      "engines": {
        "node": ">=18"
      }
    },
    "node_modules/@esbuild/darwin-arm64": {
      "version": "0.28.1",
      "resolved": "https://registry.npmjs.org/@esbuild/darwin-arm64/-/darwin-arm64-0.28.1.tgz",
      "integrity": "sha512-TZbWkQY7kvTAXbXUT7uVACR5cMHsDiSz9z7ZKAX/RTq/WJEk3QyRr0wZpNhBDX+/0CtdqUIJlOiodQcta6tY3Q==",
      "cpu": [
        "arm64"
      ],
      "dev": true,
      "license": "MIT",
      "optional": true,
      "os": [
        "darwin"
      ],
      "engines": {
        "node": ">=18"
      }
    },
    "node_modules/@esbuild/darwin-x64": {
      "version": "0.28.1",
      "resolved": "https://registry.npmjs.org/@esbuild/darwin-x64/-/darwin-x64-0.28.1.tgz",
      "integrity": "sha512-zfdzgK9ACBNZLI/CyHTOx81SyNbM6YXn7rxSgX97VjyiPl9W1i4Ka4fgKECEoFCKGpvBj5qArWIGgQjOwkgskQ==",
      "cpu": [
        "x64"
      ],
      "dev": true,
      "license": "MIT",
      "optional": true,
      "os": [
        "darwin"
      ],
      "engines": {
        "node": ">=18"
      }
    },
    "node_modules/@esbuild/freebsd-arm64": {
      "version": "0.28.1",
      "resolved": "https://registry.npmjs.org/@esbuild/freebsd-arm64/-/freebsd-arm64-0.28.1.tgz",
      "integrity": "sha512-wG2EA8ENdEI0qhkSZMjfqrdY+ziCYCPMmtZjjIwOmXFjmyzEHn+UUxk5of+SYsjtfs3VpnlC7QLzSI5hY/rOAw==",
      "cpu": [
        "arm64"
      ],
      "dev": true,
      "license": "MIT",
      "optional": true,
      "os": [
        "freebsd"
      ],
      "engines": {
        "node": ">=18"
      }
    },
    "node_modules/@esbuild/freebsd-x64": {
      "version": "0.28.1",
      "resolved": "https://registry.npmjs.org/@esbuild/freebsd-x64/-/freebsd-x64-0.28.1.tgz",
      "integrity": "sha512-i7dZ9vQgnvSCzi/rYCXNgtF/U+eKZNJBzu3eTQbRgHnM7tNSizLOkRFAl3qzVc/Op/u5YkHHa4pf/3DOYHthLQ==",
      "cpu": [
        "x64"
      ],
      "dev": true,
      "license": "MIT",
      "optional": true,
      "os": [
        "freebsd"
      ],
      "engines": {
        "node": ">=18"
      }
    },
    "node_modules/@esbuild/linux-arm": {
      "version": "0.28.1",
      "resolved": "https://registry.npmjs.org/@esbuild/linux-arm/-/linux-arm-0.28.1.tgz",
      "integrity": "sha512-qVXBOHQS+d5Y722GwJzJUtOLlX7km3CraOaGormF1pDtPd2C/l1SHRPgjLunLGe51Sh5YYWKMFDyV4SxgMQYTQ==",
      "cpu": [
        "arm"
      ],
      "dev": true,
      "license": "MIT",
      "optional": true,
      "os": [
        "linux"
      ],
      "engines": {
        "node": ">=18"
      }
    },
    "node_modules/@esbuild/linux-arm64": {
      "version": "0.28.1",
      "resolved": "https://registry.npmjs.org/@esbuild/linux-arm64/-/linux-arm64-0.28.1.tgz",
      "integrity": "sha512-yHs+0uc8+nvEAfAfxrWQKK5peSNzBc4PegcMO0EJ2hT71uA7vB8Ihg2e77R2P7SG5uYjPbHlLLmve4LLLRCf0g==",
      "cpu": [
        "arm64"
      ],
      "dev": true,
      "license": "MIT",
      "optional": true,
      "os": [
        "linux"
      ],
      "engines": {
        "node": ">=18"
      }
    },
    "node_modules/@esbuild/linux-ia32": {
      "version": "0.28.1",
      "resolved": "https://registry.npmjs.org/@esbuild/linux-ia32/-/linux-ia32-0.28.1.tgz",
      "integrity": "sha512-d1z4ZuP0ajrfz/FhGT4vv278rX8KnPPJx8i5+AtK7TYbx9Le9F1hyzurZpkEyjkGa9dUGhQow4C1NmeGvqxN2w==",
      "cpu": [
        "ia32"
      ],
      "dev": true,
      "license": "MIT",
      "optional": true,
      "os": [
        "linux"
      ],
      "engines": {
        "node": ">=18"
      }
    },
    "node_modules/@esbuild/linux-loong64": {
      "version": "0.28.1",
      "resolved": "https://registry.npmjs.org/@esbuild/linux-loong64/-/linux-loong64-0.28.1.tgz",
      "integrity": "sha512-M5sRjUVZrkm1OAPR3dlOYzNmN+loZKGVi1VUQGrwuqLcbR6qeAz+famMhjASeH3YVKvZz+zT1jlh/keC3Rj/lg==",
      "cpu": [
        "loong64"
      ],
      "dev": true,
      "license": "MIT",
      "optional": true,
      "os": [
        "linux"
      ],
      "engines": {
        "node": ">=18"
      }
    },
    "node_modules/@esbuild/linux-mips64el": {
      "version": "0.28.1",
      "resolved": "https://registry.npmjs.org/@esbuild/linux-mips64el/-/linux-mips64el-0.28.1.tgz",
      "integrity": "sha512-mRObBZeHh2OxcBFPWE/FjylkRgZdYuiTR3vaTozquCGOH14iP9oN4x4Ge81CoIDYQrXmIxpFumJBu5MtZpnQJQ==",
      "cpu": [
        "mips64el"
      ],
      "dev": true,
      "license": "MIT",
      "optional": true,
      "os": [
        "linux"
      ],
      "engines": {
        "node": ">=18"
      }
    },
    "node_modules/@esbuild/linux-ppc64": {
      "version": "0.28.1",
      "resolved": "https://registry.npmjs.org/@esbuild/linux-ppc64/-/linux-ppc64-0.28.1.tgz",
      "integrity": "sha512-slScBsMAb3GFDcdrCgLwZtPYRoH2H/youv10QiZyRjmsP48fznoveWytSgCI/R0ZcUgpc0ZhIUEx6LHts8yrfQ==",
      "cpu": [
        "ppc64"
      ],
      "dev": true,
      "license": "MIT",
      "optional": true,
      "os": [
        "linux"
      ],
      "engines": {
        "node": ">=18"
      }
    },
    "node_modules/@esbuild/linux-riscv64": {
      "version": "0.28.1",
      "resolved": "https://registry.npmjs.org/@esbuild/linux-riscv64/-/linux-riscv64-0.28.1.tgz",
      "integrity": "sha512-kw0owk1o0GFETUJyW0jc0G4Yzs0BHZn0JDZ8JRT088vjJYX777BAs1fDGxAC+q831qOs2DTC96mNsG2opdfyyQ==",
      "cpu": [
        "riscv64"
      ],
      "dev": true,
      "license": "MIT",
      "optional": true,
      "os": [
        "linux"
      ],
      "engines": {
        "node": ">=18"
      }
    },
    "node_modules/@esbuild/linux-s390x": {
      "version": "0.28.1",
      "resolved": "https://registry.npmjs.org/@esbuild/linux-s390x/-/linux-s390x-0.28.1.tgz",
      "integrity": "sha512-/lAIjX8aYFRByhh6L5rYtPEDRqa9de/4V/juOXcta5frjvzXO4/sqEtyytse0g3zZFuWu5cDN0MkLz2qRDD2Ag==",
      "cpu": [
        "s390x"
      ],
      "dev": true,
      "license": "MIT",
      "optional": true,
      "os": [
        "linux"
      ],
      "engines": {
        "node": ">=18"
      }
    },
    "node_modules/@esbuild/linux-x64": {
      "version": "0.28.1",
      "resolved": "https://registry.npmjs.org/@esbuild/linux-x64/-/linux-x64-0.28.1.tgz",
      "integrity": "sha512-u/anNYF2mmVOEDwLtnQ1wOr3EZ9sTNGLWrsYGYwHWzGA3Si84IOkHXlbWTD1NB+9/1lcnweYKO54uhxZydNzfA==",
      "cpu": [
        "x64"
      ],
      "dev": true,
      "license": "MIT",
      "optional": true,
      "os": [
        "linux"
      ],
      "engines": {
        "node": ">=18"
      }
    },
    "node_modules/@esbuild/netbsd-arm64": {
      "version": "0.28.1",
      "resolved": "https://registry.npmjs.org/@esbuild/netbsd-arm64/-/netbsd-arm64-0.28.1.tgz",
      "integrity": "sha512-oks0DYbLwWMmaakTsCb+zL4E+aHRVLom9IJZOAthMQEPiQmydXHkziYEsGYRx0uNV/IjEKGAV941JzH02pflqw==",
      "cpu": [
        "arm64"
      ],
      "dev": true,
      "license": "MIT",
      "optional": true,
      "os": [
        "netbsd"
      ],
      "engines": {
        "node": ">=18"
      }
    },
    "node_modules/@esbuild/netbsd-x64": {
      "version": "0.28.1",
      "resolved": "https://registry.npmjs.org/@esbuild/netbsd-x64/-/netbsd-x64-0.28.1.tgz",
      "integrity": "sha512-aeL6lAnN89Hz43Mlh1G8ARasbuoYvSITDEx0tHh5b7jJnHcssqgjy9Yx430GDpmCa6OyrKoS0aNRjKundRizGg==",
      "cpu": [
        "x64"
      ],
      "dev": true,
      "license": "MIT",
      "optional": true,
      "os": [
        "netbsd"
      ],
      "engines": {
        "node": ">=18"
      }
    },
    "node_modules/@esbuild/openbsd-arm64": {
      "version": "0.28.1",
      "resolved": "https://registry.npmjs.org/@esbuild/openbsd-arm64/-/openbsd-arm64-0.28.1.tgz",
      "integrity": "sha512-MEFJe5C3R8pwXdZ5Y21oo6m7ePiS0d9pWucn99O/wvyJZChoIQKrQDxKrGeW8F5+T0okTHesAmDeiHDTIq0V/Q==",
      "cpu": [
        "arm64"
      ],
      "dev": true,
      "license": "MIT",
      "optional": true,
      "os": [
        "openbsd"
      ],
      "engines": {
        "node": ">=18"
      }
    },
    "node_modules/@esbuild/openbsd-x64": {
      "version": "0.28.1",
      "resolved": "https://registry.npmjs.org/@esbuild/openbsd-x64/-/openbsd-x64-0.28.1.tgz",
      "integrity": "sha512-i/ZLIOafE0Z8cI/XANJAixoJL/uRAoS2xOA3rb0xN+KK0K177cMAsQYkzHtBrtMXAKuAc7HGgcWiZ/sRC1Nxgw==",
      "cpu": [
        "x64"
      ],
      "dev": true,
      "license": "MIT",
      "optional": true,
      "os": [
        "openbsd"
      ],
      "engines": {
        "node": ">=18"
      }
    },
    "node_modules/@esbuild/openharmony-arm64": {
      "version": "0.28.1",
      "resolved": "https://registry.npmjs.org/@esbuild/openharmony-arm64/-/openharmony-arm64-0.28.1.tgz",
      "integrity": "sha512-ge+Z7EXFNt2BO1oAMsVpiQ8EwndV9i1xXerAeTIK7AtPs3bKFXQM7nlRxDSIUIMeueR1CNXxqztLzdNeReKBJg==",
      "cpu": [
        "arm64"
      ],
      "dev": true,
      "license": "MIT",
      "optional": true,
      "os": [
        "openharmony"
      ],
      "engines": {
        "node": ">=18"
      }
    },
    "node_modules/@esbuild/sunos-x64": {
      "version": "0.28.1",
      "resolved": "https://registry.npmjs.org/@esbuild/sunos-x64/-/sunos-x64-0.28.1.tgz",
      "integrity": "sha512-BEjgtECkL3vY+SaSQ6nzVfiALUeFxpawyp8Jmf5PtYhf1Ug40N1h/hxlhts+f1FvSvarEigdxS3BlSMI2PJLcQ==",
      "cpu": [
        "x64"
      ],
      "dev": true,
      "license": "MIT",
      "optional": true,
      "os": [
        "sunos"
      ],
      "engines": {
        "node": ">=18"
      }
    },
    "node_modules/@esbuild/win32-arm64": {
      "version": "0.28.1",
      "resolved": "https://registry.npmjs.org/@esbuild/win32-arm64/-/win32-arm64-0.28.1.tgz",
      "integrity": "sha512-lCv9eK/H6ZJWbE7bh2nw54CZ9M2nupBxJcTsdk/QQnWkdSjKGuxmmH8/GWrlT1eMmZfn4dGcCjRte397WqfQXA==",
      "cpu": [
        "arm64"
      ],
      "dev": true,
      "license": "MIT",
      "optional": true,
      "os": [
        "win32"
      ],
      "engines": {
        "node": ">=18"
      }
    },
    "node_modules/@esbuild/win32-ia32": {
      "version": "0.28.1",
      "resolved": "https://registry.npmjs.org/@esbuild/win32-ia32/-/win32-ia32-0.28.1.tgz",
      "integrity": "sha512-zvb/mB2bSCoJOpoCBgYKKpX6YM6mJBlBUVUtVj41DlZJVEB6/0CKlRYxP5wWl1C1ILiCoAU5wZZ4q1P3qeS6Eg==",
      "cpu": [
        "ia32"
      ],
      "dev": true,
      "license": "MIT",
      "optional": true,
      "os": [
        "win32"
      ],
      "engines": {
        "node": ">=18"
      }
    },
    "node_modules/@esbuild/win32-x64": {
      "version": "0.28.1",
      "resolved": "https://registry.npmjs.org/@esbuild/win32-x64/-/win32-x64-0.28.1.tgz",
      "integrity": "sha512-bm4Mowrv+GXMlpWX++EcXw/iLyd1o3+bJkC2DkWXYVvgZCqD/bSj9ctZeAMC3cIxgjRVR2Dufaiu4YPxr5gW1A==",
      "cpu": [
        "x64"
      ],
      "dev": true,
      "license": "MIT",
      "optional": true,
      "os": [
        "win32"
      ],
      "engines": {
        "node": ">=18"
      }
    },
    "node_modules/@floating-ui/core": {
      "version": "1.8.0",
      "resolved": "https://registry.npmjs.org/@floating-ui/core/-/core-1.8.0.tgz",
      "integrity": "sha512-0CIZ5itps/8x7BG8dEIhs53BvCUH2PCoogtakwRTut+Arm58sJooJ0AuZhLw2HJYIR5cMLNPBSS728sPho2khQ==",
      "dev": true,
      "license": "MIT",
      "dependencies": {
        "@floating-ui/utils": "^0.2.12"
      }
    },
    "node_modules/@floating-ui/dom": {
      "version": "1.8.0",
      "resolved": "https://registry.npmjs.org/@floating-ui/dom/-/dom-1.8.0.tgz",
      "integrity": "sha512-yXSrzeHZBTZadLOlfyhCkJHNeLJnHRnRInwdZ40L7ZiaAtrBwoYlsDrX3v5zB1Utk7CLfzcOVnVVWoXEky7Ceg==",
      "dev": true,
      "license": "MIT",
      "dependencies": {
        "@floating-ui/core": "^1.8.0",
        "@floating-ui/utils": "^0.2.12"
      }
    },
    "node_modules/@floating-ui/react-dom": {
      "version": "2.1.9",
      "resolved": "https://registry.npmjs.org/@floating-ui/react-dom/-/react-dom-2.1.9.tgz",
      "integrity": "sha512-JDjEFGCpImxDCA7JJKviA0M9+RtmJdj0m/NVU5IMgBK+AmZouAQQ7/+2GLH0GXXY0YMw9oXPB8hKdbPYg5QLYg==",
      "dev": true,
      "license": "MIT",
      "dependencies": {
        "@floating-ui/dom": "^1.8.0"
      },
      "peerDependencies": {
        "react": ">=16.8.0",
        "react-dom": ">=16.8.0"
      }
    },
    "node_modules/@floating-ui/utils": {
      "version": "0.2.12",
      "resolved": "https://registry.npmjs.org/@floating-ui/utils/-/utils-0.2.12.tgz",
      "integrity": "sha512-HpCo8tmWzLVad5s2d19EhAz5zqrrQ6s69qd6moPMQvkOuSwDT1YgRfWSVuc4ennqrgv3OHppiOGMQ7oC13yIww==",
      "dev": true,
      "license": "MIT"
    },
    "node_modules/@floegence/redevplugin-contracts": {
      "version": "3.0.5",
      "resolved": "https://registry.npmjs.org/@floegence/redevplugin-contracts/-/redevplugin-contracts-3.0.5.tgz",
      "integrity": "sha512-qELkaCbo2YUSKWSb/QxuisDXygpBsFhzBV6Jfz2cR8hBAVlKGXJ9zkPLG6F9taS0KK9pZFwzwmXqO6//8faqZg==",
      "license": "MIT"
    },
    "node_modules/@floegence/redevplugin-ui": {
      "version": "3.0.5",
      "resolved": "https://registry.npmjs.org/@floegence/redevplugin-ui/-/redevplugin-ui-3.0.5.tgz",
      "integrity": "sha512-W+gcg1ezVORoCDJraNOLqUlAUoTHg7fc2Cjhpyz6jyrI8LbQFGQpARfmgi5Ng0pjX/2dtpb/WwjH7Hzx68wWCQ==",
      "license": "MIT",
      "dependencies": {
        "@floegence/redevplugin-contracts": "3.0.5"
      }
    },
    "node_modules/class-variance-authority": {
      "version": "0.7.1",
      "resolved": "https://registry.npmjs.org/class-variance-authority/-/class-variance-authority-0.7.1.tgz",
      "integrity": "sha512-Ka+9Trutv7G8M6WT6SeiRWz792K5qEqIGEGzXKhAE6xOWAY6pPH8U+9IY3oCMv6kqTmLsv7Xh/2w2RigkePMsg==",
      "dev": true,
      "license": "Apache-2.0",
      "dependencies": {
        "clsx": "^2.1.1"
      },
      "funding": {
        "url": "https://polar.sh/cva"
      }
    },
    "node_modules/clsx": {
      "version": "2.1.1",
      "resolved": "https://registry.npmjs.org/clsx/-/clsx-2.1.1.tgz",
      "integrity": "sha512-eYm0QWBtUrBWZWG0d386OGAw16Z995PiOVo2B7bjWSbHedGl5e0ZWaq65kOGgUSNesEIDkB9ISbTg/JK9dhCZA==",
      "dev": true,
      "license": "MIT",
      "engines": {
        "node": ">=6"
      }
    },
    "node_modules/date-fns": {
      "version": "4.4.0",
      "resolved": "https://registry.npmjs.org/date-fns/-/date-fns-4.4.0.tgz",
      "integrity": "sha512-+1UMbeh68lH1SegH83CGWwpb6OHHbpSgr3+s5Eww5M4CAgswBpoWS0AjTOfEJ33HiYKz1hdj/KTFprzXHmq/6w==",
      "dev": true,
      "license": "MIT",
      "funding": {
        "type": "github",
        "url": "https://github.com/sponsors/kossnocorp"
      }
    },
    "node_modules/embla-carousel": {
      "version": "9.0.0-rc02",
      "resolved": "https://registry.npmjs.org/embla-carousel/-/embla-carousel-9.0.0-rc02.tgz",
      "integrity": "sha512-GOQBX6v5cNk/ptfuHUoHhW9rvl5KeSGsBoppaUqtihu2kDmQAyzvnH/95r3TaSScFSJTj68V9AM6E5nq3jUVcQ==",
      "dev": true,
      "license": "MIT"
    },
    "node_modules/embla-carousel-accessibility": {
      "version": "9.0.0-rc02",
      "resolved": "https://registry.npmjs.org/embla-carousel-accessibility/-/embla-carousel-accessibility-9.0.0-rc02.tgz",
      "integrity": "sha512-i5Q2+MgCgbHyFTx5RaMkcldKaf7rYUXKm66IstPxSB8j2+gyncy5WyHOqKkZv6yPedygLF1XY4HOOPfFGx2YyQ==",
      "dev": true,
      "license": "MIT",
      "peerDependencies": {
        "embla-carousel": "9.0.0-rc02"
      }
    },
    "node_modules/embla-carousel-auto-height": {
      "version": "9.0.0-rc02",
      "resolved": "https://registry.npmjs.org/embla-carousel-auto-height/-/embla-carousel-auto-height-9.0.0-rc02.tgz",
      "integrity": "sha512-BfYtpxPMJN+KjYdyWwlkPzo5IQvM4SZvw3Yvb+K1EZ1OOddiqAW8DmP8301XlQ1/2e+kyUS8kw9AnqImU5RsUw==",
      "dev": true,
      "license": "MIT",
      "peerDependencies": {
        "embla-carousel": "9.0.0-rc02"
      }
    },
    "node_modules/embla-carousel-auto-scroll": {
      "version": "9.0.0-rc02",
      "resolved": "https://registry.npmjs.org/embla-carousel-auto-scroll/-/embla-carousel-auto-scroll-9.0.0-rc02.tgz",
      "integrity": "sha512-np1uEHeagZKm+1A6cdTaufgUooxxE2I+wfzoJ4S5OxfyRLj+mOBeJG18HOrrusK+FiDcsZ+6ZkLgFVh2z3/K8Q==",
      "dev": true,
      "license": "MIT",
      "peerDependencies": {
        "embla-carousel": "9.0.0-rc02"
      }
    },
    "node_modules/embla-carousel-autoplay": {
      "version": "9.0.0-rc02",
      "resolved": "https://registry.npmjs.org/embla-carousel-autoplay/-/embla-carousel-autoplay-9.0.0-rc02.tgz",
      "integrity": "sha512-xmHUL/dVL0EN9Tf6EeWirc1eEYEr8uxEG4l4QxzRPrUbHhshTzPcKfB0DatAmOI6rcTldqQsslbffNqQmg9E3Q==",
      "dev": true,
      "license": "MIT",
      "peerDependencies": {
        "embla-carousel": "9.0.0-rc02"
      }
    },
    "node_modules/embla-carousel-class-names": {
      "version": "9.0.0-rc02",
      "resolved": "https://registry.npmjs.org/embla-carousel-class-names/-/embla-carousel-class-names-9.0.0-rc02.tgz",
      "integrity": "sha512-BYfYe2OnUvP4IyniFaiY+UDtrcYAOQi5M9k3LLKPOWxYC/G1eMPQ3FrnFlvAuMZCPqxPE0H9z2f4yJzYaVpYcQ==",
      "dev": true,
      "license": "MIT",
      "peerDependencies": {
        "embla-carousel": "9.0.0-rc02"
      }
    },
    "node_modules/embla-carousel-fade": {
      "version": "9.0.0-rc02",
      "resolved": "https://registry.npmjs.org/embla-carousel-fade/-/embla-carousel-fade-9.0.0-rc02.tgz",
      "integrity": "sha512-k65hqC7I482aSJPfKFkAuBbVDsDLo/AgD9nTHtROCSNz///7xs2oKZcxsoRol70ZVWzb//KHVZ1BkJr7LQhKWg==",
      "dev": true,
      "license": "MIT",
      "peerDependencies": {
        "embla-carousel": "9.0.0-rc02"
      }
    },
    "node_modules/embla-carousel-react": {
      "version": "9.0.0-rc02",
      "resolved": "https://registry.npmjs.org/embla-carousel-react/-/embla-carousel-react-9.0.0-rc02.tgz",
      "integrity": "sha512-DpcD0kTv6L31KvBcrx5d57E6T2rP/YceTGAdq7llkpKFdfM1of8YotHVEQTNIU3I9o5mjE/QxLi1ndJmm1DikA==",
      "dev": true,
      "license": "MIT",
      "dependencies": {
        "embla-carousel": "9.0.0-rc02",
        "embla-carousel-reactive-utils": "9.0.0-rc02"
      },
      "peerDependencies": {
        "react": "^16.8.0 || ^17.0.1 || ^18.0.0 || ^19.0.0 || ^19.0.0-rc"
      }
    },
    "node_modules/embla-carousel-reactive-utils": {
      "version": "9.0.0-rc02",
      "resolved": "https://registry.npmjs.org/embla-carousel-reactive-utils/-/embla-carousel-reactive-utils-9.0.0-rc02.tgz",
      "integrity": "sha512-H1c+yUbcVST9eJoGU+05L1vSDyBs0hf/Gf1OadHYIJ3asBfyvn6oaGCs2wXq1D8/f09y0wwCxeRxT9UZU/TxJA==",
      "dev": true,
      "license": "MIT",
      "peerDependencies": {
        "embla-carousel": "9.0.0-rc02"
      }
    },
    "node_modules/embla-carousel-wheel-gestures": {
      "version": "9.0.0-rc01",
      "resolved": "https://registry.npmjs.org/embla-carousel-wheel-gestures/-/embla-carousel-wheel-gestures-9.0.0-rc01.tgz",
      "integrity": "sha512-mFLzP98am00JfPle7k4gTTrAQkQ667g5muGfuyxOQVtTGsau76M3bWRSEHAZ+6d7dmUBdwzepH5ZeAbVa1e/+Q==",
      "dev": true,
      "license": "MIT",
      "dependencies": {
        "wheel-gestures": "^2.2.5"
      },
      "engines": {
        "node": ">=10"
      },
      "peerDependencies": {
        "embla-carousel": "^9.0.0 || ~9.0.0-rc01"
      }
    },
    "node_modules/esbuild": {
      "version": "0.28.1",
      "resolved": "https://registry.npmjs.org/esbuild/-/esbuild-0.28.1.tgz",
      "integrity": "sha512-HrJrvZv5ayxBzPfwphOoNzkzOIIlifzk0KJrGK2c8R4+LKpMtpYLQeUdjnwjWv/LZlkH2laZk+4w78pi99D4Vw==",
      "dev": true,
      "hasInstallScript": true,
      "license": "MIT",
      "bin": {
        "esbuild": "bin/esbuild"
      },
      "engines": {
        "node": ">=18"
      },
      "optionalDependencies": {
        "@esbuild/aix-ppc64": "0.28.1",
        "@esbuild/android-arm": "0.28.1",
        "@esbuild/android-arm64": "0.28.1",
        "@esbuild/android-x64": "0.28.1",
        "@esbuild/darwin-arm64": "0.28.1",
        "@esbuild/darwin-x64": "0.28.1",
        "@esbuild/freebsd-arm64": "0.28.1",
        "@esbuild/freebsd-x64": "0.28.1",
        "@esbuild/linux-arm": "0.28.1",
        "@esbuild/linux-arm64": "0.28.1",
        "@esbuild/linux-ia32": "0.28.1",
        "@esbuild/linux-loong64": "0.28.1",
        "@esbuild/linux-mips64el": "0.28.1",
        "@esbuild/linux-ppc64": "0.28.1",
        "@esbuild/linux-riscv64": "0.28.1",
        "@esbuild/linux-s390x": "0.28.1",
        "@esbuild/linux-x64": "0.28.1",
        "@esbuild/netbsd-arm64": "0.28.1",
        "@esbuild/netbsd-x64": "0.28.1",
        "@esbuild/openbsd-arm64": "0.28.1",
        "@esbuild/openbsd-x64": "0.28.1",
        "@esbuild/openharmony-arm64": "0.28.1",
        "@esbuild/sunos-x64": "0.28.1",
        "@esbuild/win32-arm64": "0.28.1",
        "@esbuild/win32-ia32": "0.28.1",
        "@esbuild/win32-x64": "0.28.1"
      }
    },
    "node_modules/framer-motion": {
      "version": "12.43.0",
      "resolved": "https://registry.npmjs.org/framer-motion/-/framer-motion-12.43.0.tgz",
      "integrity": "sha512-1eaL3RvR/kAlbG7UYcpMptEyzPoENO0c6w7ZnB3/hh2vSAz/6uGAFn6fdoqTBguNstf3MsFhJHsD/0DHiclG+g==",
      "dev": true,
      "license": "MIT",
      "dependencies": {
        "motion-dom": "^12.43.0",
        "motion-utils": "^12.39.0",
        "tslib": "^2.4.0"
      },
      "peerDependencies": {
        "@emotion/is-prop-valid": "*",
        "react": "^18.0.0 || ^19.0.0",
        "react-dom": "^18.0.0 || ^19.0.0"
      },
      "peerDependenciesMeta": {
        "@emotion/is-prop-valid": {
          "optional": true
        },
        "react": {
          "optional": true
        },
        "react-dom": {
          "optional": true
        }
      }
    },
    "node_modules/lucide-static": {
      "version": "1.27.0",
      "resolved": "https://registry.npmjs.org/lucide-static/-/lucide-static-1.27.0.tgz",
      "integrity": "sha512-ev1Wufm+RsKpQ6CfmS0PgYF+NTB1aaltfE+jUgBYGB8PV5b5qqHpzsTLPsMWFRFdpVMv66eIK8/Xf9d8cl3HhA==",
      "dev": true,
      "license": "ISC"
    },
    "node_modules/motion": {
      "version": "12.43.0",
      "resolved": "https://registry.npmjs.org/motion/-/motion-12.43.0.tgz",
      "integrity": "sha512-BQgQbSa9Hn3/mtbib0MK53y6JSANa+YKUKlaYnWzAVDH424RYQ5LVpV3pNiWH00BA2z4ojsSdMzqT7g2FQwjuQ==",
      "dev": true,
      "license": "MIT",
      "dependencies": {
        "framer-motion": "^12.43.0",
        "tslib": "^2.4.0"
      },
      "peerDependencies": {
        "@emotion/is-prop-valid": "*",
        "react": "^18.0.0 || ^19.0.0",
        "react-dom": "^18.0.0 || ^19.0.0"
      },
      "peerDependenciesMeta": {
        "@emotion/is-prop-valid": {
          "optional": true
        },
        "react": {
          "optional": true
        },
        "react-dom": {
          "optional": true
        }
      }
    },
    "node_modules/motion-dom": {
      "version": "12.43.0",
      "resolved": "https://registry.npmjs.org/motion-dom/-/motion-dom-12.43.0.tgz",
      "integrity": "sha512-azKON4d9S65PEoFUiQTMTgPheEmzf2QngdRc50AKfJp9Q9mmcBVw22c8eMq9k8kxOFHdL7+WZY7N/5F/lwiDag==",
      "dev": true,
      "license": "MIT",
      "dependencies": {
        "motion-utils": "^12.39.0"
      }
    },
    "node_modules/motion-utils": {
      "version": "12.39.0",
      "resolved": "https://registry.npmjs.org/motion-utils/-/motion-utils-12.39.0.tgz",
      "integrity": "sha512-8nadJAJjTtqRkmRF36FoJTrywK9nnFmnPwnSMyxaOCU7GDjN9RTMJIxx9De8ErM+vpPhMccr/6fo5WciyQLnMQ==",
      "dev": true,
      "license": "MIT"
    },
    "node_modules/react": {
      "version": "19.2.8",
      "resolved": "https://registry.npmjs.org/react/-/react-19.2.8.tgz",
      "integrity": "sha512-PWaYA1L/q9u2u7xYQi+Y3L3Yfnie7XyLeaJICV1MGD6LprsBxcAqGjYyr0eY3p+QdsA+x/Irkt4Qif8D63+Sbw==",
      "dev": true,
      "license": "MIT",
      "engines": {
        "node": ">=0.10.0"
      }
    },
    "node_modules/react-day-picker": {
      "version": "10.0.1",
      "resolved": "https://registry.npmjs.org/react-day-picker/-/react-day-picker-10.0.1.tgz",
      "integrity": "sha512-eNh6BlwcYInWaJtRv18mXQ06Ys/H6rdTZAnTaSdOYJuTpwP1JMCHNd1FDRadA+gbeinq+psdULN5Xnowy9mV8w==",
      "dev": true,
      "license": "MIT",
      "dependencies": {
        "@date-fns/tz": "^1.4.1",
        "date-fns": "^4.1.0"
      },
      "engines": {
        "node": ">=18"
      },
      "funding": {
        "type": "individual",
        "url": "https://github.com/sponsors/gpbl"
      },
      "peerDependencies": {
        "@types/react": ">=16.8.0",
        "react": ">=16.8.0"
      },
      "peerDependenciesMeta": {
        "@types/react": {
          "optional": true
        }
      }
    },
    "node_modules/react-dom": {
      "version": "19.2.8",
      "resolved": "https://registry.npmjs.org/react-dom/-/react-dom-19.2.8.tgz",
      "integrity": "sha512-rVprimfGBG3DR+Tq0IQG2DT5PxKth1WIGDmj5yPmlzr4YBe7uyE+Du4oVqTDXZSHGGGXRtTJEGSSePyQCMBglQ==",
      "dev": true,
      "license": "MIT",
      "dependencies": {
        "scheduler": "^0.27.0"
      },
      "peerDependencies": {
        "react": "^19.2.8"
      }
    },
    "node_modules/reselect": {
      "version": "5.2.0",
      "resolved": "https://registry.npmjs.org/reselect/-/reselect-5.2.0.tgz",
      "integrity": "sha512-AgZ3UOZm3YndfrJ4OYjgrT7bmCm/1iqkjvEfH/oYjzh6PD2qw4QuT3jjnXIrpdt4MTpMXclMT3lXbmRY+XRakw==",
      "dev": true,
      "license": "MIT"
    },
    "node_modules/scheduler": {
      "version": "0.27.0",
      "resolved": "https://registry.npmjs.org/scheduler/-/scheduler-0.27.0.tgz",
      "integrity": "sha512-eNv+WrVbKu1f3vbYJT/xtiF5syA5HPIMtf9IgY/nKg0sWqzAUEvqY/xm7OcZc/qafLx/iO9FgOmeSAp4v5ti/Q==",
      "dev": true,
      "license": "MIT"
    },
    "node_modules/tailwind-merge": {
      "version": "3.6.0",
      "resolved": "https://registry.npmjs.org/tailwind-merge/-/tailwind-merge-3.6.0.tgz",
      "integrity": "sha512-uxL7qAVQriqRQPAyK3pj66VqskWqoZ37PW94jwOTwNfq/z9oyu1V+eqrZqtR2+fCiXdYOZe/Modt8GtvqNzu+w==",
      "dev": true,
      "license": "MIT",
      "funding": {
        "type": "github",
        "url": "https://github.com/sponsors/dcastil"
      }
    },
    "node_modules/tailwindcss": {
      "version": "4.3.3",
      "resolved": "https://registry.npmjs.org/tailwindcss/-/tailwindcss-4.3.3.tgz",
      "integrity": "sha512-gOhV3P7ufE62QDGg1zVaTgCR+EtPv92k2nIhVcVKcLmxT1sUBsQGhnZj175j+MqRt4zLF7ic+sCYjfhxMxj7YQ==",
      "dev": true,
      "license": "MIT"
    },
    "node_modules/tslib": {
      "version": "2.8.1",
      "resolved": "https://registry.npmjs.org/tslib/-/tslib-2.8.1.tgz",
      "integrity": "sha512-oJFu94HQb+KVduSUQL7wnpmqnfmLsOA/nAh6b6EH0wCEoK0/mPeXU6c3wKDV83MkOuHPRHtSXKKU99IBazS/2w==",
      "dev": true,
      "license": "0BSD"
    },
    "node_modules/typescript": {
      "version": "5.9.3",
      "resolved": "https://registry.npmjs.org/typescript/-/typescript-5.9.3.tgz",
      "integrity": "sha512-jl1vZzPDinLr9eUt3J/t7V6FgNEw9QjvBPdysz9KfQDD41fQrC2Y4vKQdiaUpFT4bXlb1RHhLpp8wtm6M5TgSw==",
      "dev": true,
      "license": "Apache-2.0",
      "bin": {
        "tsc": "bin/tsc",
        "tsserver": "bin/tsserver"
      },
      "engines": {
        "node": ">=14.17"
      }
    },
    "node_modules/use-sync-external-store": {
      "version": "1.6.0",
      "resolved": "https://registry.npmjs.org/use-sync-external-store/-/use-sync-external-store-1.6.0.tgz",
      "integrity": "sha512-Pp6GSwGP/NrPIrxVFAIkOQeyw8lFenOHijQWkUTrDvrF4ALqylP2C/KCkeS9dpUM3KvYRQhna5vt7IL95+ZQ9w==",
      "dev": true,
      "license": "MIT",
      "peerDependencies": {
        "react": "^16.8.0 || ^17.0.0 || ^18.0.0 || ^19.0.0"
      }
    },
    "node_modules/wheel-gestures": {
      "version": "2.2.48",
      "resolved": "https://registry.npmjs.org/wheel-gestures/-/wheel-gestures-2.2.48.tgz",
      "integrity": "sha512-f+Gy33Oa5Z14XY9679Zze+7VFhbsQfBFXodnU2x589l4kxGM9L5Y8zETTmcMR5pWOPQyRv4Z0lNax6xCO0NSlA==",
      "dev": true,
      "license": "MIT",
      "engines": {
        "node": ">=18"
      }
    }
  }
}
